// !$*UTF8*$!
{
	archiveVersion = 1;
	classes = {
	};
	objectVersion = 77;
	objects = {

/* Begin PBXBuildFile section */
		61766A082D9A6632005B6607 /* Realm in Frameworks */ = {isa = PBXBuildFile; productRef = 61766A072D9A6632005B6607 /* Realm */; };
		61766A0A2D9A6632005B6607 /* RealmSwift in Frameworks */ = {isa = PBXBuildFile; productRef = 61766A092D9A6632005B6607 /* RealmSwift */; };
		61AA198C2D9A53610044BC60 /* SnapKit in Frameworks */ = {isa = PBXBuildFile; productRef = 61AA198B2D9A53610044BC60 /* SnapKit */; };
		61AA19922D9A54000044BC60 /* FirebaseAnalytics in Frameworks */ = {isa = PBXBuildFile; productRef = 61AA19912D9A54000044BC60 /* FirebaseAnalytics */; };
		61AA19942D9A54000044BC60 /* FirebaseMessaging in Frameworks */ = {isa = PBXBuildFile; productRef = 61AA19932D9A54000044BC60 /* FirebaseMessaging */; };
		61AA19972D9A54200044BC60 /* CryptoSwift in Frameworks */ = {isa = PBXBuildFile; productRef = 61AA19962D9A54200044BC60 /* CryptoSwift */; };
		61AA199F2D9A57740044BC60 /* .gitignore in Resources */ = {isa = PBXBuildFile; fileRef = 61AA199E2D9A576D0044BC60 /* .gitignore */; };
/* End PBXBuildFile section */

/* Begin PBXContainerItemProxy section */
		61AA18F72D9A34640044BC60 /* PBXContainerItemProxy */ = {
			isa = PBXContainerItemProxy;
			containerPortal = 61AA18D82D9A34630044BC60 /* Project object */;
			proxyType = 1;
			remoteGlobalIDString = 61AA18DF2D9A34630044BC60;
			remoteInfo = BohumTalk;
		};
		61AA19012D9A34640044BC60 /* PBXContainerItemProxy */ = {
			isa = PBXContainerItemProxy;
			containerPortal = 61AA18D82D9A34630044BC60 /* Project object */;
			proxyType = 1;
			remoteGlobalIDString = 61AA18DF2D9A34630044BC60;
			remoteInfo = BohumTalk;
		};
/* End PBXContainerItemProxy section */

/* Begin PBXCopyFilesBuildPhase section */
		61201BEA2D9A5A5800B2A62B /* Embed Frameworks */ = {
			isa = PBXCopyFilesBuildPhase;
			buildActionMask = 2147483647;
			dstPath = "";
			dstSubfolderSpec = 10;
			files = (
			);
			name = "Embed Frameworks";
			runOnlyForDeploymentPostprocessing = 0;
		};
/* End PBXCopyFilesBuildPhase section */

/* Begin PBXFileReference section */
		61AA18E02D9A34630044BC60 /* BohumTalk.app */ = {isa = PBXFileReference; explicitFileType = wrapper.application; includeInIndex = 0; path = BohumTalk.app; sourceTree = BUILT_PRODUCTS_DIR; };
		61AA18F62D9A34640044BC60 /* BohumTalkTests.xctest */ = {isa = PBXFileReference; explicitFileType = wrapper.cfbundle; includeInIndex = 0; path = BohumTalkTests.xctest; sourceTree = BUILT_PRODUCTS_DIR; };
		61AA19002D9A34640044BC60 /* BohumTalkUITests.xctest */ = {isa = PBXFileReference; explicitFileType = wrapper.cfbundle; includeInIndex = 0; path = BohumTalkUITests.xctest; sourceTree = BUILT_PRODUCTS_DIR; };
		61AA199E2D9A576D0044BC60 /* .gitignore */ = {isa = PBXFileReference; lastKnownFileType = text; path = .gitignore; sourceTree = "<group>"; };
/* End PBXFileReference section */

/* Begin PBXFileSystemSynchronizedBuildFileExceptionSet section */
		61AA19082D9A34640044BC60 /* Exceptions for "BohumTalk" folder in "BohumTalk" target */ = {
			isa = PBXFileSystemSynchronizedBuildFileExceptionSet;
			membershipExceptions = (
				Info.plist,
			);
			target = 61AA18DF2D9A34630044BC60 /* BohumTalk */;
		};
/* End PBXFileSystemSynchronizedBuildFileExceptionSet section */

/* Begin PBXFileSystemSynchronizedRootGroup section */
		61AA18E22D9A34630044BC60 /* BohumTalk */ = {
			isa = PBXFileSystemSynchronizedRootGroup;
			exceptions = (
				61AA19082D9A34640044BC60 /* Exceptions for "BohumTalk" folder in "BohumTalk" target */,
			);
			path = BohumTalk;
			sourceTree = "<group>";
		};
		61AA18F92D9A34640044BC60 /* BohumTalkTests */ = {
			isa = PBXFileSystemSynchronizedRootGroup;
			path = BohumTalkTests;
			sourceTree = "<group>";
		};
		61AA19032D9A34640044BC60 /* BohumTalkUITests */ = {
			isa = PBXFileSystemSynchronizedRootGroup;
			path = BohumTalkUITests;
			sourceTree = "<group>";
		};
/* End PBXFileSystemSynchronizedRootGroup section */

/* Begin PBXFrameworksBuildPhase section */
		61AA18DD2D9A34630044BC60 /* Frameworks */ = {
			isa = PBXFrameworksBuildPhase;
			buildActionMask = 2147483647;
			files = (
				61766A0A2D9A6632005B6607 /* RealmSwift in Frameworks */,
				61AA19942D9A54000044BC60 /* FirebaseMessaging in Frameworks */,
				61AA198C2D9A53610044BC60 /* SnapKit in Frameworks */,
				61AA19972D9A54200044BC60 /* CryptoSwift in Frameworks */,
				61AA19922D9A54000044BC60 /* FirebaseAnalytics in Frameworks */,
				61766A082D9A6632005B6607 /* Realm in Frameworks */,
			);
			runOnlyForDeploymentPostprocessing = 0;
		};
		61AA18F32D9A34640044BC60 /* Frameworks */ = {
			isa = PBXFrameworksBuildPhase;
			buildActionMask = 2147483647;
			files = (
			);
			runOnlyForDeploymentPostprocessing = 0;
		};
		61AA18FD2D9A34640044BC60 /* Frameworks */ = {
			isa = PBXFrameworksBuildPhase;
			buildActionMask = 2147483647;
			files = (
			);
			runOnlyForDeploymentPostprocessing = 0;
		};
/* End PBXFrameworksBuildPhase section */

/* Begin PBXGroup section */
		61AA18D72D9A34630044BC60 = {
			isa = PBXGroup;
			children = (
				61AA199E2D9A576D0044BC60 /* .gitignore */,
				61AA18E22D9A34630044BC60 /* BohumTalk */,
				61AA18F92D9A34640044BC60 /* BohumTalkTests */,
				61AA19032D9A34640044BC60 /* BohumTalkUITests */,
				61AA18E12D9A34630044BC60 /* Products */,
			);
			sourceTree = "<group>";
		};
		61AA18E12D9A34630044BC60 /* Products */ = {
			isa = PBXGroup;
			children = (
				61AA18E02D9A34630044BC60 /* BohumTalk.app */,
				61AA18F62D9A34640044BC60 /* BohumTalkTests.xctest */,
				61AA19002D9A34640044BC60 /* BohumTalkUITests.xctest */,
			);
			name = Products;
			sourceTree = "<group>";
		};
/* End PBXGroup section */

/* Begin PBXNativeTarget section */
		61AA18DF2D9A34630044BC60 /* BohumTalk */ = {
			isa = PBXNativeTarget;
			buildConfigurationList = 61AA19092D9A34640044BC60 /* Build configuration list for PBXNativeTarget "BohumTalk" */;
			buildPhases = (
				61AA18DC2D9A34630044BC60 /* Sources */,
				61AA18DD2D9A34630044BC60 /* Frameworks */,
				61AA18DE2D9A34630044BC60 /* Resources */,
				61201BEA2D9A5A5800B2A62B /* Embed Frameworks */,
			);
			buildRules = (
			);
			dependencies = (
			);
			fileSystemSynchronizedGroups = (
				61AA18E22D9A34630044BC60 /* BohumTalk */,
			);
			name = BohumTalk;
			packageProductDependencies = (
				61AA198B2D9A53610044BC60 /* SnapKit */,
				61AA19912D9A54000044BC60 /* FirebaseAnalytics */,
				61AA19932D9A54000044BC60 /* FirebaseMessaging */,
				61AA19962D9A54200044BC60 /* CryptoSwift */,
				61766A072D9A6632005B6607 /* Realm */,
				61766A092D9A6632005B6607 /* RealmSwift */,
			);
			productName = BohumTalk;
			productReference = 61AA18E02D9A34630044BC60 /* BohumTalk.app */;
			productType = "com.apple.product-type.application";
		};
		61AA18F52D9A34640044BC60 /* BohumTalkTests */ = {
			isa = PBXNativeTarget;
			buildConfigurationList = 61AA190E2D9A34640044BC60 /* Build configuration list for PBXNativeTarget "BohumTalkTests" */;
			buildPhases = (
				61AA18F22D9A34640044BC60 /* Sources */,
				61AA18F32D9A34640044BC60 /* Frameworks */,
				61AA18F42D9A34640044BC60 /* Resources */,
			);
			buildRules = (
			);
			dependencies = (
				61AA18F82D9A34640044BC60 /* PBXTargetDependency */,
			);
			fileSystemSynchronizedGroups = (
				61AA18F92D9A34640044BC60 /* BohumTalkTests */,
			);
			name = BohumTalkTests;
			packageProductDependencies = (
			);
			productName = BohumTalkTests;
			productReference = 61AA18F62D9A34640044BC60 /* BohumTalkTests.xctest */;
			productType = "com.apple.product-type.bundle.unit-test";
		};
		61AA18FF2D9A34640044BC60 /* BohumTalkUITests */ = {
			isa = PBXNativeTarget;
			buildConfigurationList = 61AA19112D9A34640044BC60 /* Build configuration list for PBXNativeTarget "BohumTalkUITests" */;
			buildPhases = (
				61AA18FC2D9A34640044BC60 /* Sources */,
				61AA18FD2D9A34640044BC60 /* Frameworks */,
				61AA18FE2D9A34640044BC60 /* Resources */,
			);
			buildRules = (
			);
			dependencies = (
				61AA19022D9A34640044BC60 /* PBXTargetDependency */,
			);
			fileSystemSynchronizedGroups = (
				61AA19032D9A34640044BC60 /* BohumTalkUITests */,
			);
			name = BohumTalkUITests;
			packageProductDependencies = (
			);
			productName = BohumTalkUITests;
			productReference = 61AA19002D9A34640044BC60 /* BohumTalkUITests.xctest */;
			productType = "com.apple.product-type.bundle.ui-testing";
		};
/* End PBXNativeTarget section */

/* Begin PBXProject section */
		61AA18D82D9A34630044BC60 /* Project object */ = {
			isa = PBXProject;
			attributes = {
				BuildIndependentTargetsInParallel = 1;
				LastSwiftUpdateCheck = 1610;
				LastUpgradeCheck = 1610;
				TargetAttributes = {
					61AA18DF2D9A34630044BC60 = {
						CreatedOnToolsVersion = 16.1;
					};
					61AA18F52D9A34640044BC60 = {
						CreatedOnToolsVersion = 16.1;
						TestTargetID = 61AA18DF2D9A34630044BC60;
					};
					61AA18FF2D9A34640044BC60 = {
						CreatedOnToolsVersion = 16.1;
						TestTargetID = 61AA18DF2D9A34630044BC60;
					};
				};
			};
			buildConfigurationList = 61AA18DB2D9A34630044BC60 /* Build configuration list for PBXProject "BohumTalk" */;
			developmentRegion = en;
			hasScannedForEncodings = 0;
			knownRegions = (
				en,
				Base,
			);
			mainGroup = 61AA18D72D9A34630044BC60;
			minimizedProjectReferenceProxies = 1;
			packageReferences = (
				61AA198A2D9A53610044BC60 /* XCRemoteSwiftPackageReference "SnapKit" */,
				61AA19902D9A54000044BC60 /* XCRemoteSwiftPackageReference "firebase-ios-sdk" */,
				61AA19952D9A54200044BC60 /* XCRemoteSwiftPackageReference "CryptoSwift" */,
				61766A062D9A6632005B6607 /* XCRemoteSwiftPackageReference "realm-swift" */,
			);
			preferredProjectObjectVersion = 77;
			productRefGroup = 61AA18E12D9A34630044BC60 /* Products */;
			projectDirPath = "";
			projectRoot = "";
			targets = (
				61AA18DF2D9A34630044BC60 /* BohumTalk */,
				61AA18F52D9A34640044BC60 /* BohumTalkTests */,
				61AA18FF2D9A34640044BC60 /* BohumTalkUITests */,
			);
		};
/* End PBXProject section */

/* Begin PBXResourcesBuildPhase section */
		61AA18DE2D9A34630044BC60 /* Resources */ = {
			isa = PBXResourcesBuildPhase;
			buildActionMask = 2147483647;
			files = (
				61AA199F2D9A57740044BC60 /* .gitignore in Resources */,
			);
			runOnlyForDeploymentPostprocessing = 0;
		};
		61AA18F42D9A34640044BC60 /* Resources */ = {
			isa = PBXResourcesBuildPhase;
			buildActionMask = 2147483647;
			files = (
			);
			runOnlyForDeploymentPostprocessing = 0;
		};
		61AA18FE2D9A34640044BC60 /* Resources */ = {
			isa = PBXResourcesBuildPhase;
			buildActionMask = 2147483647;
			files = (
			);
			runOnlyForDeploymentPostprocessing = 0;
		};
/* End PBXResourcesBuildPhase section */

/* Begin PBXSourcesBuildPhase section */
		61AA18DC2D9A34630044BC60 /* Sources */ = {
			isa = PBXSourcesBuildPhase;
			buildActionMask = 2147483647;
			files = (
			);
			runOnlyForDeploymentPostprocessing = 0;
		};
		61AA18F22D9A34640044BC60 /* Sources */ = {
			isa = PBXSourcesBuildPhase;
			buildActionMask = 2147483647;
			files = (
			);
			runOnlyForDeploymentPostprocessing = 0;
		};
		61AA18FC2D9A34640044BC60 /* Sources */ = {
			isa = PBXSourcesBuildPhase;
			buildActionMask = 2147483647;
			files = (
			);
			runOnlyForDeploymentPostprocessing = 0;
		};
/* End PBXSourcesBuildPhase section */

/* Begin PBXTargetDependency section */
		61AA18F82D9A34640044BC60 /* PBXTargetDependency */ = {
			isa = PBXTargetDependency;
			target = 61AA18DF2D9A34630044BC60 /* BohumTalk */;
			targetProxy = 61AA18F72D9A34640044BC60 /* PBXContainerItemProxy */;
		};
		61AA19022D9A34640044BC60 /* PBXTargetDependency */ = {
			isa = PBXTargetDependency;
			target = 61AA18DF2D9A34630044BC60 /* BohumTalk */;
			targetProxy = 61AA19012D9A34640044BC60 /* PBXContainerItemProxy */;
		};
/* End PBXTargetDependency section */

/* Begin XCBuildConfiguration section */
		61AA190A2D9A34640044BC60 /* Debug */ = {
			isa = XCBuildConfiguration;
			buildSettings = {
				ASSETCATALOG_COMPILER_APPICON_NAME = AppIcon;
				ASSETCATALOG_COMPILER_GLOBAL_ACCENT_COLOR_NAME = AccentColor;
				CODE_SIGN_ENTITLEMENTS = BohumTalk/BohumTalk.entitlements;
				CODE_SIGN_STYLE = Automatic;
				CURRENT_PROJECT_VERSION = 1;
				DEVELOPMENT_TEAM = 5YC3UJATA3;
				GENERATE_INFOPLIST_FILE = YES;
				INFOPLIST_FILE = BohumTalk/Info.plist;
				INFOPLIST_KEY_UIApplicationSupportsIndirectInputEvents = YES;
				INFOPLIST_KEY_UILaunchStoryboardName = LaunchScreen;
				INFOPLIST_KEY_UISupportedInterfaceOrientations = UIInterfaceOrientationPortrait;
				INFOPLIST_KEY_UISupportedInterfaceOrientations_iPad = "UIInterfaceOrientationLandscapeLeft UIInterfaceOrientationLandscapeRight UIInterfaceOrientationPortrait UIInterfaceOrientationPortraitUpsideDown";
				IPHONEOS_DEPLOYMENT_TARGET = 16.0;
				LD_RUNPATH_SEARCH_PATHS = (
					"$(inherited)",
					"@executable_path/Frameworks",
				);
				MARKETING_VERSION = 1.0;
				PRODUCT_BUNDLE_IDENTIFIER = com.insvalley.bohumtalk;
				PRODUCT_NAME = "$(TARGET_NAME)";
				SUPPORTED_PLATFORMS = "iphoneos iphonesimulator";
				SUPPORTS_MACCATALYST = NO;
				SUPPORTS_MAC_DESIGNED_FOR_IPHONE_IPAD = NO;
				SUPPORTS_XR_DESIGNED_FOR_IPHONE_IPAD = NO;
				SWIFT_EMIT_LOC_STRINGS = YES;
				SWIFT_VERSION = 5.0;
				TARGETED_DEVICE_FAMILY = 1;
			};
			name = Debug;
		};
		61AA190B2D9A34640044BC60 /* Release */ = {
			isa = XCBuildConfiguration;
			buildSettings = {
				ASSETCATALOG_COMPILER_APPICON_NAME = AppIcon;
				ASSETCATALOG_COMPILER_GLOBAL_ACCENT_COLOR_NAME = AccentColor;
				CODE_SIGN_ENTITLEMENTS = BohumTalk/BohumTalk.entitlements;
				CODE_SIGN_STYLE = Automatic;
				CURRENT_PROJECT_VERSION = 1;
				DEVELOPMENT_TEAM = 5YC3UJATA3;
				GENERATE_INFOPLIST_FILE = YES;
				INFOPLIST_FILE = BohumTalk/Info.plist;
				INFOPLIST_KEY_UIApplicationSupportsIndirectInputEvents = YES;
				INFOPLIST_KEY_UILaunchStoryboardName = LaunchScreen;
				INFOPLIST_KEY_UISupportedInterfaceOrientations = UIInterfaceOrientationPortrait;
				INFOPLIST_KEY_UISupportedInterfaceOrientations_iPad = "UIInterfaceOrientationLandscapeLeft UIInterfaceOrientationLandscapeRight UIInterfaceOrientationPortrait UIInterfaceOrientationPortraitUpsideDown";
				IPHONEOS_DEPLOYMENT_TARGET = 16.0;
				LD_RUNPATH_SEARCH_PATHS = (
					"$(inherited)",
					"@executable_path/Frameworks",
				);
				MARKETING_VERSION = 1.0;
				PRODUCT_BUNDLE_IDENTIFIER = com.insvalley.bohumtalk;
				PRODUCT_NAME = "$(TARGET_NAME)";
				SUPPORTED_PLATFORMS = "iphoneos iphonesimulator";
				SUPPORTS_MACCATALYST = NO;
				SUPPORTS_MAC_DESIGNED_FOR_IPHONE_IPAD = NO;
				SUPPORTS_XR_DESIGNED_FOR_IPHONE_IPAD = NO;
				SWIFT_EMIT_LOC_STRINGS = YES;
				SWIFT_VERSION = 5.0;
				TARGETED_DEVICE_FAMILY = 1;
			};
			name = Release;
		};
		61AA190C2D9A34640044BC60 /* Debug */ = {
			isa = XCBuildConfiguration;
			baseConfigurationReferenceAnchor = 61AA18E22D9A34630044BC60 /* BohumTalk */;
			baseConfigurationReferenceRelativePath = XCConfig/Secrets.xcconfig;
			buildSettings = {
				ALWAYS_SEARCH_USER_PATHS = NO;
				ASSETCATALOG_COMPILER_GENERATE_SWIFT_ASSET_SYMBOL_EXTENSIONS = YES;
				CLANG_ANALYZER_NONNULL = YES;
				CLANG_ANALYZER_NUMBER_OBJECT_CONVERSION = YES_AGGRESSIVE;
				CLANG_CXX_LANGUAGE_STANDARD = "gnu++20";
				CLANG_ENABLE_MODULES = YES;
				CLANG_ENABLE_OBJC_ARC = YES;
				CLANG_ENABLE_OBJC_WEAK = YES;
				CLANG_WARN_BLOCK_CAPTURE_AUTORELEASING = YES;
				CLANG_WARN_BOOL_CONVERSION = YES;
				CLANG_WARN_COMMA = YES;
				CLANG_WARN_CONSTANT_CONVERSION = YES;
				CLANG_WARN_DEPRECATED_OBJC_IMPLEMENTATIONS = YES;
				CLANG_WARN_DIRECT_OBJC_ISA_USAGE = YES_ERROR;
				CLANG_WARN_DOCUMENTATION_COMMENTS = YES;
				CLANG_WARN_EMPTY_BODY = YES;
				CLANG_WARN_ENUM_CONVERSION = YES;
				CLANG_WARN_INFINITE_RECURSION = YES;
				CLANG_WARN_INT_CONVERSION = YES;
				CLANG_WARN_NON_LITERAL_NULL_CONVERSION = YES;
				CLANG_WARN_OBJC_IMPLICIT_RETAIN_SELF = YES;
				CLANG_WARN_OBJC_LITERAL_CONVERSION = YES;
				CLANG_WARN_OBJC_ROOT_CLASS = YES_ERROR;
				CLANG_WARN_QUOTED_INCLUDE_IN_FRAMEWORK_HEADER = YES;
				CLANG_WARN_RANGE_LOOP_ANALYSIS = YES;
				CLANG_WARN_STRICT_PROTOTYPES = YES;
				CLANG_WARN_SUSPICIOUS_MOVE = YES;
				CLANG_WARN_UNGUARDED_AVAILABILITY = YES_AGGRESSIVE;
				CLANG_WARN_UNREACHABLE_CODE = YES;
				CLANG_WARN__DUPLICATE_METHOD_MATCH = YES;
				COPY_PHASE_STRIP = NO;
				DEBUG_INFORMATION_FORMAT = dwarf;
				ENABLE_STRICT_OBJC_MSGSEND = YES;
				ENABLE_TESTABILITY = YES;
				ENABLE_USER_SCRIPT_SANDBOXING = YES;
				GCC_C_LANGUAGE_STANDARD = gnu17;
				GCC_DYNAMIC_NO_PIC = NO;
				GCC_NO_COMMON_BLOCKS = YES;
				GCC_OPTIMIZATION_LEVEL = 0;
				GCC_PREPROCESSOR_DEFINITIONS = (
					"DEBUG=1",
					"$(inherited)",
				);
				GCC_WARN_64_TO_32_BIT_CONVERSION = YES;
				GCC_WARN_ABOUT_RETURN_TYPE = YES_ERROR;
				GCC_WARN_UNDECLARED_SELECTOR = YES;
				GCC_WARN_UNINITIALIZED_AUTOS = YES_AGGRESSIVE;
				GCC_WARN_UNUSED_FUNCTION = YES;
				GCC_WARN_UNUSED_VARIABLE = YES;
				IPHONEOS_DEPLOYMENT_TARGET = 18.1;
				LOCALIZATION_PREFERS_STRING_CATALOGS = YES;
				MTL_ENABLE_DEBUG_INFO = INCLUDE_SOURCE;
				MTL_FAST_MATH = YES;
				ONLY_ACTIVE_ARCH = YES;
				SDKROOT = iphoneos;
				SWIFT_ACTIVE_COMPILATION_CONDITIONS = "DEBUG $(inherited)";
				SWIFT_OPTIMIZATION_LEVEL = "-Onone";
			};
			name = Debug;
		};
		61AA190D2D9A34640044BC60 /* Release */ = {
			isa = XCBuildConfiguration;
			baseConfigurationReferenceAnchor = 61AA18E22D9A34630044BC60 /* BohumTalk */;
			baseConfigurationReferenceRelativePath = XCConfig/Secrets.xcconfig;
			buildSettings = {
				ALWAYS_SEARCH_USER_PATHS = NO;
				ASSETCATALOG_COMPILER_GENERATE_SWIFT_ASSET_SYMBOL_EXTENSIONS = YES;
				CLANG_ANALYZER_NONNULL = YES;
				CLANG_ANALYZER_NUMBER_OBJECT_CONVERSION = YES_AGGRESSIVE;
				CLANG_CXX_LANGUAGE_STANDARD = "gnu++20";
				CLANG_ENABLE_MODULES = YES;
				CLANG_ENABLE_OBJC_ARC = YES;
				CLANG_ENABLE_OBJC_WEAK = YES;
				CLANG_WARN_BLOCK_CAPTURE_AUTORELEASING = YES;
				CLANG_WARN_BOOL_CONVERSION = YES;
				CLANG_WARN_COMMA = YES;
				CLANG_WARN_CONSTANT_CONVERSION = YES;
				CLANG_WARN_DEPRECATED_OBJC_IMPLEMENTATIONS = YES;
				CLANG_WARN_DIRECT_OBJC_ISA_USAGE = YES_ERROR;
				CLANG_WARN_DOCUMENTATION_COMMENTS = YES;
				CLANG_WARN_EMPTY_BODY = YES;
				CLANG_WARN_ENUM_CONVERSION = YES;
				CLANG_WARN_INFINITE_RECURSION = YES;
				CLANG_WARN_INT_CONVERSION = YES;
				CLANG_WARN_NON_LITERAL_NULL_CONVERSION = YES;
				CLANG_WARN_OBJC_IMPLICIT_RETAIN_SELF = YES;
				CLANG_WARN_OBJC_LITERAL_CONVERSION = YES;
				CLANG_WARN_OBJC_ROOT_CLASS = YES_ERROR;
				CLANG_WARN_QUOTED_INCLUDE_IN_FRAMEWORK_HEADER = YES;
				CLANG_WARN_RANGE_LOOP_ANALYSIS = YES;
				CLANG_WARN_STRICT_PROTOTYPES = YES;
				CLANG_WARN_SUSPICIOUS_MOVE = YES;
				CLANG_WARN_UNGUARDED_AVAILABILITY = YES_AGGRESSIVE;
				CLANG_WARN_UNREACHABLE_CODE = YES;
				CLANG_WARN__DUPLICATE_METHOD_MATCH = YES;
				COPY_PHASE_STRIP = NO;
				DEBUG_INFORMATION_FORMAT = "dwarf-with-dsym";
				ENABLE_NS_ASSERTIONS = NO;
				ENABLE_STRICT_OBJC_MSGSEND = YES;
				ENABLE_USER_SCRIPT_SANDBOXING = YES;
				GCC_C_LANGUAGE_STANDARD = gnu17;
				GCC_NO_COMMON_BLOCKS = YES;
				GCC_WARN_64_TO_32_BIT_CONVERSION = YES;
				GCC_WARN_ABOUT_RETURN_TYPE = YES_ERROR;
				GCC_WARN_UNDECLARED_SELECTOR = YES;
				GCC_WARN_UNINITIALIZED_AUTOS = YES_AGGRESSIVE;
				GCC_WARN_UNUSED_FUNCTION = YES;
				GCC_WARN_UNUSED_VARIABLE = YES;
				IPHONEOS_DEPLOYMENT_TARGET = 18.1;
				LOCALIZATION_PREFERS_STRING_CATALOGS = YES;
				MTL_ENABLE_DEBUG_INFO = NO;
				MTL_FAST_MATH = YES;
				SDKROOT = iphoneos;
				SWIFT_COMPILATION_MODE = wholemodule;
				VALIDATE_PRODUCT = YES;
			};
			name = Release;
		};
		61AA190F2D9A34640044BC60 /* Debug */ = {
			isa = XCBuildConfiguration;
			buildSettings = {
				BUNDLE_LOADER = "$(TEST_HOST)";
				CODE_SIGN_STYLE = Automatic;
				CURRENT_PROJECT_VERSION = 1;
				DEVELOPMENT_TEAM = 5YC3UJATA3;
				GENERATE_INFOPLIST_FILE = YES;
				IPHONEOS_DEPLOYMENT_TARGET = 18.1;
				MARKETING_VERSION = 1.0;
				PRODUCT_BUNDLE_IDENTIFIER = com.insvalley.bohumtalk.BohumTalkTests;
				PRODUCT_NAME = "$(TARGET_NAME)";
				SWIFT_EMIT_LOC_STRINGS = NO;
				SWIFT_VERSION = 5.0;
				TARGETED_DEVICE_FAMILY = "1,2";
				TEST_HOST = "$(BUILT_PRODUCTS_DIR)/BohumTalk.app/$(BUNDLE_EXECUTABLE_FOLDER_PATH)/BohumTalk";
			};
			name = Debug;
		};
		61AA19102D9A34640044BC60 /* Release */ = {
			isa = XCBuildConfiguration;
			buildSettings = {
				BUNDLE_LOADER = "$(TEST_HOST)";
				CODE_SIGN_STYLE = Automatic;
				CURRENT_PROJECT_VERSION = 1;
				DEVELOPMENT_TEAM = 5YC3UJATA3;
				GENERATE_INFOPLIST_FILE = YES;
				IPHONEOS_DEPLOYMENT_TARGET = 18.1;
				MARKETING_VERSION = 1.0;
				PRODUCT_BUNDLE_IDENTIFIER = com.insvalley.bohumtalk.BohumTalkTests;
				PRODUCT_NAME = "$(TARGET_NAME)";
				SWIFT_EMIT_LOC_STRINGS = NO;
				SWIFT_VERSION = 5.0;
				TARGETED_DEVICE_FAMILY = "1,2";
				TEST_HOST = "$(BUILT_PRODUCTS_DIR)/BohumTalk.app/$(BUNDLE_EXECUTABLE_FOLDER_PATH)/BohumTalk";
			};
			name = Release;
		};
		61AA19122D9A34640044BC60 /* Debug */ = {
			isa = XCBuildConfiguration;
			buildSettings = {
				CODE_SIGN_STYLE = Automatic;
				CURRENT_PROJECT_VERSION = 1;
				DEVELOPMENT_TEAM = 5YC3UJATA3;
				GENERATE_INFOPLIST_FILE = YES;
				MARKETING_VERSION = 1.0;
				PRODUCT_BUNDLE_IDENTIFIER = com.insvalley.bohumtalk.BohumTalkUITests;
				PRODUCT_NAME = "$(TARGET_NAME)";
				SWIFT_EMIT_LOC_STRINGS = NO;
				SWIFT_VERSION = 5.0;
				TARGETED_DEVICE_FAMILY = "1,2";
				TEST_TARGET_NAME = BohumTalk;
			};
			name = Debug;
		};
		61AA19132D9A34640044BC60 /* Release */ = {
			isa = XCBuildConfiguration;
			buildSettings = {
				CODE_SIGN_STYLE = Automatic;
				CURRENT_PROJECT_VERSION = 1;
				DEVELOPMENT_TEAM = 5YC3UJATA3;
				GENERATE_INFOPLIST_FILE = YES;
				MARKETING_VERSION = 1.0;
				PRODUCT_BUNDLE_IDENTIFIER = com.insvalley.bohumtalk.BohumTalkUITests;
				PRODUCT_NAME = "$(TARGET_NAME)";
				SWIFT_EMIT_LOC_STRINGS = NO;
				SWIFT_VERSION = 5.0;
				TARGETED_DEVICE_FAMILY = "1,2";
				TEST_TARGET_NAME = BohumTalk;
			};
			name = Release;
		};
/* End XCBuildConfiguration section */

/* Begin XCConfigurationList section */
		61AA18DB2D9A34630044BC60 /* Build configuration list for PBXProject "BohumTalk" */ = {
			isa = XCConfigurationList;
			buildConfigurations = (
				61AA190C2D9A34640044BC60 /* Debug */,
				61AA190D2D9A34640044BC60 /* Release */,
			);
			defaultConfigurationIsVisible = 0;
			defaultConfigurationName = Release;
		};
		61AA19092D9A34640044BC60 /* Build configuration list for PBXNativeTarget "BohumTalk" */ = {
			isa = XCConfigurationList;
			buildConfigurations = (
				61AA190A2D9A34640044BC60 /* Debug */,
				61AA190B2D9A34640044BC60 /* Release */,
			);
			defaultConfigurationIsVisible = 0;
			defaultConfigurationName = Release;
		};
		61AA190E2D9A34640044BC60 /* Build configuration list for PBXNativeTarget "BohumTalkTests" */ = {
			isa = XCConfigurationList;
			buildConfigurations = (
				61AA190F2D9A34640044BC60 /* Debug */,
				61AA19102D9A34640044BC60 /* Release */,
			);
			defaultConfigurationIsVisible = 0;
			defaultConfigurationName = Release;
		};
		61AA19112D9A34640044BC60 /* Build configuration list for PBXNativeTarget "BohumTalkUITests" */ = {
			isa = XCConfigurationList;
			buildConfigurations = (
				61AA19122D9A34640044BC60 /* Debug */,
				61AA19132D9A34640044BC60 /* Release */,
			);
			defaultConfigurationIsVisible = 0;
			defaultConfigurationName = Release;
		};
/* End XCConfigurationList section */

/* Begin XCRemoteSwiftPackageReference section */
		61766A062D9A6632005B6607 /* XCRemoteSwiftPackageReference "realm-swift" */ = {
			isa = XCRemoteSwiftPackageReference;
			repositoryURL = "https://github.com/realm/realm-swift.git";
			requirement = {
				kind = exactVersion;
				version = 10.47.0;
			};
		};
		61AA198A2D9A53610044BC60 /* XCRemoteSwiftPackageReference "SnapKit" */ = {
			isa = XCRemoteSwiftPackageReference;
			repositoryURL = "https://github.com/SnapKit/SnapKit.git";
			requirement = {
				kind = upToNextMajorVersion;
				minimumVersion = 5.7.1;
			};
		};
		61AA19902D9A54000044BC60 /* XCRemoteSwiftPackageReference "firebase-ios-sdk" */ = {
			isa = XCRemoteSwiftPackageReference;
			repositoryURL = "https://github.com/firebase/firebase-ios-sdk";
			requirement = {
				kind = upToNextMajorVersion;
				minimumVersion = 11.10.0;
			};
		};
		61AA19952D9A54200044BC60 /* XCRemoteSwiftPackageReference "CryptoSwift" */ = {
			isa = XCRemoteSwiftPackageReference;
			repositoryURL = "https://github.com/krzyzanowskim/CryptoSwift";
			requirement = {
				kind = upToNextMajorVersion;
				minimumVersion = 1.8.4;
			};
		};
/* End XCRemoteSwiftPackageReference section */

/* Begin XCSwiftPackageProductDependency section */
		61766A072D9A6632005B6607 /* Realm */ = {
			isa = XCSwiftPackageProductDependency;
			package = 61766A062D9A6632005B6607 /* XCRemoteSwiftPackageReference "realm-swift" */;
			productName = Realm;
		};
		61766A092D9A6632005B6607 /* RealmSwift */ = {
			isa = XCSwiftPackageProductDependency;
			package = 61766A062D9A6632005B6607 /* XCRemoteSwiftPackageReference "realm-swift" */;
			productName = RealmSwift;
		};
		61AA198B2D9A53610044BC60 /* SnapKit */ = {
			isa = XCSwiftPackageProductDependency;
			package = 61AA198A2D9A53610044BC60 /* XCRemoteSwiftPackageReference "SnapKit" */;
			productName = SnapKit;
		};
		61AA19912D9A54000044BC60 /* FirebaseAnalytics */ = {
			isa = XCSwiftPackageProductDependency;
			package = 61AA19902D9A54000044BC60 /* XCRemoteSwiftPackageReference "firebase-ios-sdk" */;
			productName = FirebaseAnalytics;
		};
		61AA19932D9A54000044BC60 /* FirebaseMessaging */ = {
			isa = XCSwiftPackageProductDependency;
			package = 61AA19902D9A54000044BC60 /* XCRemoteSwiftPackageReference "firebase-ios-sdk" */;
			productName = FirebaseMessaging;
		};
		61AA19962D9A54200044BC60 /* CryptoSwift */ = {
			isa = XCSwiftPackageProductDependency;
			package = 61AA19952D9A54200044BC60 /* XCRemoteSwiftPackageReference "CryptoSwift" */;
			productName = CryptoSwift;
		};
/* End XCSwiftPackageProductDependency section */
	};
	rootObject = 61AA18D82D9A34630044BC60 /* Project object */;
}
